PackratFormat: 1.4
PackratVersion: 0.4.6.9
RVersion: 3.2.3
Repos: BioCsoft=https://bioconductor.org/packages/3.2/bioc,
    BioCann=https://bioconductor.org/packages/3.2/data/annotation,
    BioCexp=https://bioconductor.org/packages/3.2/data/experiment,
    BioCextra=https://bioconductor.org/packages/3.2/extra,
    CRAN=http://cran.rstudio.com/

Package: BiocInstaller
Source: Bioconductor
Version: 1.20.1
Hash: 05e58e37e4e2af35c9ba9eb4ee1839e4

Package: DBI
Source: CRAN
Version: 0.3.1
Hash: 096699d1ac1cf530acfc646a0c90ee5d

Package: RMySQL
Source: CRAN
Version: 0.10.8
Hash: 2f393aa7862c60301ac5d70daf72730d
Requires: DBI

Package: RSQLite
Source: CRAN
Version: 1.0.0
Hash: 3df52a54766f420d257debad962146c0
Requires: DBI

Package: benchmarkR
Source: github
Version: 1.01.1019
Hash: 374e7d4c9db8ec0bd8d88d74c2545b21
Requires: hamcrest
GithubRepo: benchmarkR
GithubUsername: psolaimani
GithubRef: master
GithubSha1: fd496e3a0e76d1aa6fd9cd40fda6b7167f4a9bdd

Package: curl
Source: CRAN
Version: 0.9.5
Hash: 03562aad7537914f516bd67e9bba28b1

Package: hamcrest
Source: github
Version: 1.0
Hash: ff5c7c46c5e1a04577016c3df122bfad
GithubRepo: hamcrest
GithubUsername: bedatadriven
GithubRef: master
GithubSha1: 4f8212ac2b2c8ba09070f55edddbbeec0d0f3eba

Package: withr
Source: CRAN
Version: 1.0.1
Hash: e3d37838719e5d66652364e2aefebcee

Package: BiocGenerics
Source: Bioconductor
Version: 0.16.1
Hash: c66deb506ef217896ce7d2ee347c95ff

Package: BiocParallel
Source: Bioconductor
Version: 1.4.3
Hash: e9d8d0d4f49a02e06230785937c727e2
Requires: futile.logger, snow

Package: Biostrings
Source: Bioconductor
Version: 2.38.4
Hash: 1671ad0a1c200ed1dc23386bc53f1640
Requires: BiocGenerics, IRanges, S4Vectors, XVector

Package: digest
Source: CRAN
Version: 0.6.9
Hash: fd55d5a024f160fc001a5ece1e27782d

Package: GenomeInfoDb
Source: Bioconductor
Version: 1.6.3
Hash: 812d1407803a8336e5582cf9bda6b251
Requires: BiocGenerics, IRanges, S4Vectors

Package: GenomicRanges
Source: Bioconductor
Version: 1.22.4
Hash: 505329b99d26e40b7f20c40539c53ea4
Requires: BiocGenerics, GenomeInfoDb, IRanges, S4Vectors, XVector

Package: IRanges
Source: Bioconductor
Version: 2.4.7
Hash: 838be15d5f7837ee7258e0af2e2f8d9d
Requires: BiocGenerics, S4Vectors

Package: Rsamtools
Source: Bioconductor
Version: 1.22.0
Hash: 2223c7d2f4cb376d40c1effad3129585
Requires: BiocGenerics, BiocParallel, Biostrings, GenomeInfoDb,
    GenomicRanges, IRanges, S4Vectors, XVector, bitops, zlibbioc

Package: S4Vectors
Source: Bioconductor
Version: 0.8.11
Hash: b89102c81e2803646ce0844aa08f856f
Requires: BiocGenerics

Package: XVector
Source: Bioconductor
Version: 0.10.0
Hash: 985fce131384539be4a6639644073464
Requires: BiocGenerics, IRanges, S4Vectors, zlibbioc

Package: bitops
Source: CRAN
Version: 1.0-6
Hash: 67d0775189fd0041d95abca618c5c07e

Package: futile.logger
Source: CRAN
Version: 1.4.1
Hash: 8a80ccb36e4d1b37553cf5bb5623d00b
Requires: futile.options, lambda.r

Package: futile.options
Source: CRAN
Version: 1.0.0
Hash: 4f24cbf581681c263186b9425f05ba3e

Package: lambda.r
Source: CRAN
Version: 1.1.7
Hash: ee868dd3c292cd29cc7b0b9efa9e5d32

Package: packrat
Source: github
Version: 0.4.6-9
Hash: b34872d6ae7c3b4d3191490e4c3d384b
GithubRepo: packrat
GithubUsername: rstudio
GithubRef: master
GithubSha1: dfa32291eb8ae9fad2868d0fc1ffd5516aa3a402

Package: snow
Source: CRAN
Version: 0.4-1
Hash: eece5c9075772f1029a417cb417390b5

Package: zlibbioc
Source: Bioconductor
Version: 1.16.0
Hash: a62f7415c8f5f7330ef25f3490b75b6b
