PackratFormat: 1.4
PackratVersion: 0.4.6.9
RVersion: 3.2.3
Repos: BioCsoft=https://bioconductor.org/packages/3.2/bioc,
    BioCann=https://bioconductor.org/packages/3.2/data/annotation,
    BioCexp=https://bioconductor.org/packages/3.2/data/experiment,
    BioCextra=https://bioconductor.org/packages/3.2/extra,
    CRAN=http://cran.rstudio.com/

Package: BiocInstaller
Source: Bioconductor
Version: 1.20.1
Hash: 05e58e37e4e2af35c9ba9eb4ee1839e4

Package: DBI
Source: CRAN
Version: 0.3.1
Hash: 096699d1ac1cf530acfc646a0c90ee5d

Package: RMySQL
Source: CRAN
Version: 0.10.8
Hash: 2f393aa7862c60301ac5d70daf72730d
Requires: DBI

Package: benchmarkR
Source: github
Version: 1.01.1017
Hash: bf391d58a704dab367823c9fb8148741
Requires: hamcrest
GithubRepo: BenchmarkR
GithubUsername: psolaimani
GithubRef: master
GithubSha1: 864358f7c286b320692ad3ca4ed45dc9fd21abc1

Package: curl
Source: CRAN
Version: 0.9.5
Hash: 03562aad7537914f516bd67e9bba28b1

Package: hamcrest
Source: github
Version: 1.0
Hash: ff5c7c46c5e1a04577016c3df122bfad
GithubRepo: hamcrest
GithubUsername: bedatadriven
GithubRef: master
GithubSha1: 4f8212ac2b2c8ba09070f55edddbbeec0d0f3eba

Package: withr
Source: CRAN
Version: 1.0.1
Hash: e3d37838719e5d66652364e2aefebcee

Package: AnnotationDbi
Source: Bioconductor
Version: 1.32.3
Hash: 2a255186631c31cc7826617da632489e
Requires: Biobase, BiocGenerics, DBI, IRanges, RSQLite, S4Vectors

Package: Biobase
Source: Bioconductor
Version: 2.30.0
Hash: f58887338a297fdfd20d2cf1c2584f7d
Requires: BiocGenerics

Package: BiocGenerics
Source: Bioconductor
Version: 0.16.1
Hash: c66deb506ef217896ce7d2ee347c95ff

Package: digest
Source: CRAN
Version: 0.6.9
Hash: fd55d5a024f160fc001a5ece1e27782d

Package: IRanges
Source: Bioconductor
Version: 2.4.7
Hash: 838be15d5f7837ee7258e0af2e2f8d9d
Requires: BiocGenerics, S4Vectors

Package: RSQLite
Source: CRAN
Version: 1.0.0
Hash: 3df52a54766f420d257debad962146c0
Requires: DBI

Package: S4Vectors
Source: Bioconductor
Version: 0.8.11
Hash: b89102c81e2803646ce0844aa08f856f
Requires: BiocGenerics

Package: affy
Source: Bioconductor
Version: 1.48.0
Hash: ceaf333857eab213f0ebbb08064226bf
Requires: Biobase, BiocGenerics, BiocInstaller, affyio, preprocessCore,
    zlibbioc

Package: affyio
Source: Bioconductor
Version: 1.40.0
Hash: d245284b051257ed169011b6e4bddabe
Requires: zlibbioc

Package: hgu133plus2cdf
Source: Bioconductor
Version: 2.18.0
Hash: 1545b2af0acb4d038f3235f0bd38c30d
Requires: AnnotationDbi

Package: limma
Source: Bioconductor
Version: 3.26.8
Hash: 9c68475ad9576205d54de7652ad2478d

Package: packrat
Source: github
Version: 0.4.6-9
Hash: b34872d6ae7c3b4d3191490e4c3d384b
GithubRepo: packrat
GithubUsername: rstudio
GithubRef: master
GithubSha1: dfa32291eb8ae9fad2868d0fc1ffd5516aa3a402

Package: preprocessCore
Source: Bioconductor
Version: 1.32.0
Hash: 2dd11d4d5f9ec6c9adb631b43411cf17

Package: zlibbioc
Source: Bioconductor
Version: 1.16.0
Hash: a62f7415c8f5f7330ef25f3490b75b6b
