PackratFormat: 1.4
PackratVersion: 0.4.6.9
RVersion: 3.2.3
Repos: BioCsoft=https://bioconductor.org/packages/3.2/bioc,
    BioCann=https://bioconductor.org/packages/3.2/data/annotation,
    BioCexp=https://bioconductor.org/packages/3.2/data/experiment,
    BioCextra=https://bioconductor.org/packages/3.2/extra,
    CRAN=http://cran.rstudio.com/

Package: BiocInstaller
Source: Bioconductor
Version: 1.20.1
Hash: 05e58e37e4e2af35c9ba9eb4ee1839e4

Package: rlogging
Source: github
Version: 1.1
Hash: 6cdc892fce20ce74724db2baf9dea568
GithubRepo: rlogging
GithubUsername: mjkallen
GithubRef: master
GithubSha1: 1259045e7070b64908ebf8626c4bb22f5950d772

Package: DBI
Source: CRAN
Version: 0.3.1
Hash: 096699d1ac1cf530acfc646a0c90ee5d

Package: RMySQL
Source: CRAN
Version: 0.10.8
Hash: 2f393aa7862c60301ac5d70daf72730d
Requires: DBI

Package: RSQLite
Source: CRAN
Version: 1.0.0
Hash: 3df52a54766f420d257debad962146c0
Requires: DBI

Package: benchmarkR
Source: github
Version: 1.01.1019
Hash: 374e7d4c9db8ec0bd8d88d74c2545b21
Requires: hamcrest
GithubRepo: benchmarkR
GithubUsername: psolaimani
GithubRef: master
GithubSha1: fd496e3a0e76d1aa6fd9cd40fda6b7167f4a9bdd

Package: curl
Source: CRAN
Version: 0.9.5
Hash: 03562aad7537914f516bd67e9bba28b1

Package: digest
Source: CRAN
Version: 0.6.9
Hash: fd55d5a024f160fc001a5ece1e27782d

Package: hamcrest
Source: github
Version: 1.0
Hash: ff5c7c46c5e1a04577016c3df122bfad
GithubRepo: hamcrest
GithubUsername: bedatadriven
GithubRef: master
GithubSha1: 4f8212ac2b2c8ba09070f55edddbbeec0d0f3eba

Package: lars
Source: CRAN
Version: 1.2
Hash: 265117078b066c352d6216b5434ec122

Package: lasso2
Source: CRAN
Version: 1.2-19
Hash: b601a3158a9461e94be7d8b7a640c232

Package: leaps
Source: CRAN
Version: 2.9
Hash: 2ab19233cc1bf67246f1b0f7d415eeb9

Package: mda
Source: CRAN
Version: 0.4-8
Hash: ae748f4f9429d909c59f324a6d6235f2

Package: ncvreg
Source: CRAN
Version: 3.5-0
Hash: a45279bfa854d92ccc30bc87ca7469f3

Package: packrat
Source: github
Version: 0.4.6-9
Hash: b34872d6ae7c3b4d3191490e4c3d384b
GithubRepo: packrat
GithubUsername: rstudio
GithubRef: master
GithubSha1: dfa32291eb8ae9fad2868d0fc1ffd5516aa3a402

Package: survival
Source: CRAN
Version: 2.38-3
Hash: 31d55260e9a6a6ecbc001e2dfafaad43

Package: withr
Source: CRAN
Version: 1.0.1
Hash: e3d37838719e5d66652364e2aefebcee
